// !$*UTF8*$!
{
	archiveVersion = 1;
	classes = {
	};
	objectVersion = 50;
	objects = {

/* Begin PBXBuildFile section */
		6DFE02A2212A619100AE97C1 /* AppDelegate.swift in Sources */ = {isa = PBXBuildFile; fileRef = 6DFE02A1212A619100AE97C1 /* AppDelegate.swift */; };
		6DFE02A4212A619100AE97C1 /* ViewController.swift in Sources */ = {isa = PBXBuildFile; fileRef = 6DFE02A3212A619100AE97C1 /* ViewController.swift */; };
		6DFE02A7212A619100AE97C1 /* Main.storyboard in Resources */ = {isa = PBXBuildFile; fileRef = 6DFE02A5212A619100AE97C1 /* Main.storyboard */; };
		6DFE02A9212A619100AE97C1 /* Assets.xcassets in Resources */ = {isa = PBXBuildFile; fileRef = 6DFE02A8212A619100AE97C1 /* Assets.xcassets */; };
		6DFE02AC212A619100AE97C1 /* LaunchScreen.storyboard in Resources */ = {isa = PBXBuildFile; fileRef = 6DFE02AA212A619100AE97C1 /* LaunchScreen.storyboard */; };
		6DFE02B7212A619100AE97C1 /* TPUnidad05Tests.swift in Sources */ = {isa = PBXBuildFile; fileRef = 6DFE02B6212A619100AE97C1 /* TPUnidad05Tests.swift */; };
		6DFE02C2212B83E500AE97C1 /* MyTableViewController.swift in Sources */ = {isa = PBXBuildFile; fileRef = 6DFE02C1212B83E500AE97C1 /* MyTableViewController.swift */; };
/* End PBXBuildFile section */

/* Begin PBXContainerItemProxy section */
		6DFE02B3212A619100AE97C1 /* PBXContainerItemProxy */ = {
			isa = PBXContainerItemProxy;
			containerPortal = 6DFE0296212A619100AE97C1 /* Project object */;
			proxyType = 1;
			remoteGlobalIDString = 6DFE029D212A619100AE97C1;
			remoteInfo = TPUnidad05;
		};
/* End PBXContainerItemProxy section */

/* Begin PBXFileReference section */
		6DFE029E212A619100AE97C1 /* TPUnidad05.app */ = {isa = PBXFileReference; explicitFileType = wrapper.application; includeInIndex = 0; path = TPUnidad05.app; sourceTree = BUILT_PRODUCTS_DIR; };
		6DFE02A1212A619100AE97C1 /* AppDelegate.swift */ = {isa = PBXFileReference; lastKnownFileType = sourcecode.swift; path = AppDelegate.swift; sourceTree = "<group>"; };
		6DFE02A3212A619100AE97C1 /* ViewController.swift */ = {isa = PBXFileReference; lastKnownFileType = sourcecode.swift; path = ViewController.swift; sourceTree = "<group>"; };
		6DFE02A6212A619100AE97C1 /* Base */ = {isa = PBXFileReference; lastKnownFileType = file.storyboard; name = Base; path = Base.lproj/Main.storyboard; sourceTree = "<group>"; };
		6DFE02A8212A619100AE97C1 /* Assets.xcassets */ = {isa = PBXFileReference; lastKnownFileType = folder.assetcatalog; path = Assets.xcassets; sourceTree = "<group>"; };
		6DFE02AB212A619100AE97C1 /* Base */ = {isa = PBXFileReference; lastKnownFileType = file.storyboard; name = Base; path = Base.lproj/LaunchScreen.storyboard; sourceTree = "<group>"; };
		6DFE02AD212A619100AE97C1 /* Info.plist */ = {isa = PBXFileReference; lastKnownFileType = text.plist.xml; path = Info.plist; sourceTree = "<group>"; };
		6DFE02B2212A619100AE97C1 /* TPUnidad05Tests.xctest */ = {isa = PBXFileReference; explicitFileType = wrapper.cfbundle; includeInIndex = 0; path = TPUnidad05Tests.xctest; sourceTree = BUILT_PRODUCTS_DIR; };
		6DFE02B6212A619100AE97C1 /* TPUnidad05Tests.swift */ = {isa = PBXFileReference; lastKnownFileType = sourcecode.swift; path = TPUnidad05Tests.swift; sourceTree = "<group>"; };
		6DFE02B8212A619100AE97C1 /* Info.plist */ = {isa = PBXFileReference; lastKnownFileType = text.plist.xml; path = Info.plist; sourceTree = "<group>"; };
		6DFE02C1212B83E500AE97C1 /* MyTableViewController.swift */ = {isa = PBXFileReference; lastKnownFileType = sourcecode.swift; path = MyTableViewController.swift; sourceTree = "<group>"; };
/* End PBXFileReference section */

/* Begin PBXFrameworksBuildPhase section */
		6DFE029B212A619100AE97C1 /* Frameworks */ = {
			isa = PBXFrameworksBuildPhase;
			buildActionMask = 2147483647;
			files = (
			);
			runOnlyForDeploymentPostprocessing = 0;
		};
		6DFE02AF212A619100AE97C1 /* Frameworks */ = {
			isa = PBXFrameworksBuildPhase;
			buildActionMask = 2147483647;
			files = (
			);
			runOnlyForDeploymentPostprocessing = 0;
		};
/* End PBXFrameworksBuildPhase section */

/* Begin PBXGroup section */
		6DFE0295212A619100AE97C1 = {
			isa = PBXGroup;
			children = (
				6DFE02A0212A619100AE97C1 /* TPUnidad05 */,
				6DFE02B5212A619100AE97C1 /* TPUnidad05Tests */,
				6DFE029F212A619100AE97C1 /* Products */,
			);
			sourceTree = "<group>";
		};
		6DFE029F212A619100AE97C1 /* Products */ = {
			isa = PBXGroup;
			children = (
				6DFE029E212A619100AE97C1 /* TPUnidad05.app */,
				6DFE02B2212A619100AE97C1 /* TPUnidad05Tests.xctest */,
			);
			name = Products;
			sourceTree = "<group>";
		};
		6DFE02A0212A619100AE97C1 /* TPUnidad05 */ = {
			isa = PBXGroup;
			children = (
				6DFE02A1212A619100AE97C1 /* AppDelegate.swift */,
				6DFE02A3212A619100AE97C1 /* ViewController.swift */,
				6DFE02A5212A619100AE97C1 /* Main.storyboard */,
				6DFE02A8212A619100AE97C1 /* Assets.xcassets */,
				6DFE02AA212A619100AE97C1 /* LaunchScreen.storyboard */,
				6DFE02AD212A619100AE97C1 /* Info.plist */,
				6DFE02C1212B83E500AE97C1 /* MyTableViewController.swift */,
			);
			path = TPUnidad05;
			sourceTree = "<group>";
		};
		6DFE02B5212A619100AE97C1 /* TPUnidad05Tests */ = {
			isa = PBXGroup;
			children = (
				6DFE02B6212A619100AE97C1 /* TPUnidad05Tests.swift */,
				6DFE02B8212A619100AE97C1 /* Info.plist */,
			);
			path = TPUnidad05Tests;
			sourceTree = "<group>";
		};
/* End PBXGroup section */

/* Begin PBXNativeTarget section */
		6DFE029D212A619100AE97C1 /* TPUnidad05 */ = {
			isa = PBXNativeTarget;
			buildConfigurationList = 6DFE02BB212A619100AE97C1 /* Build configuration list for PBXNativeTarget "TPUnidad05" */;
			buildPhases = (
				6DFE029A212A619100AE97C1 /* Sources */,
				6DFE029B212A619100AE97C1 /* Frameworks */,
				6DFE029C212A619100AE97C1 /* Resources */,
			);
			buildRules = (
			);
			dependencies = (
			);
			name = TPUnidad05;
			productName = TPUnidad05;
			productReference = 6DFE029E212A619100AE97C1 /* TPUnidad05.app */;
			productType = "com.apple.product-type.application";
		};
		6DFE02B1212A619100AE97C1 /* TPUnidad05Tests */ = {
			isa = PBXNativeTarget;
			buildConfigurationList = 6DFE02BE212A619100AE97C1 /* Build configuration list for PBXNativeTarget "TPUnidad05Tests" */;
			buildPhases = (
				6DFE02AE212A619100AE97C1 /* Sources */,
				6DFE02AF212A619100AE97C1 /* Frameworks */,
				6DFE02B0212A619100AE97C1 /* Resources */,
			);
			buildRules = (
			);
			dependencies = (
				6DFE02B4212A619100AE97C1 /* PBXTargetDependency */,
			);
			name = TPUnidad05Tests;
			productName = TPUnidad05Tests;
			productReference = 6DFE02B2212A619100AE97C1 /* TPUnidad05Tests.xctest */;
			productType = "com.apple.product-type.bundle.unit-test";
		};
/* End PBXNativeTarget section */

/* Begin PBXProject section */
		6DFE0296212A619100AE97C1 /* Project object */ = {
			isa = PBXProject;
			attributes = {
				LastSwiftUpdateCheck = 0940;
				LastUpgradeCheck = 0940;
				ORGANIZATIONNAME = UTN;
				TargetAttributes = {
					6DFE029D212A619100AE97C1 = {
						CreatedOnToolsVersion = 9.4.1;
					};
					6DFE02B1212A619100AE97C1 = {
						CreatedOnToolsVersion = 9.4.1;
						TestTargetID = 6DFE029D212A619100AE97C1;
					};
				};
			};
			buildConfigurationList = 6DFE0299212A619100AE97C1 /* Build configuration list for PBXProject "TPUnidad05" */;
			compatibilityVersion = "Xcode 9.3";
			developmentRegion = en;
			hasScannedForEncodings = 0;
			knownRegions = (
				en,
				Base,
			);
			mainGroup = 6DFE0295212A619100AE97C1;
			productRefGroup = 6DFE029F212A619100AE97C1 /* Products */;
			projectDirPath = "";
			projectRoot = "";
			targets = (
				6DFE029D212A619100AE97C1 /* TPUnidad05 */,
				6DFE02B1212A619100AE97C1 /* TPUnidad05Tests */,
			);
		};
/* End PBXProject section */

/* Begin PBXResourcesBuildPhase section */
		6DFE029C212A619100AE97C1 /* Resources */ = {
			isa = PBXResourcesBuildPhase;
			buildActionMask = 2147483647;
			files = (
				6DFE02AC212A619100AE97C1 /* LaunchScreen.storyboard in Resources */,
				6DFE02A9212A619100AE97C1 /* Assets.xcassets in Resources */,
				6DFE02A7212A619100AE97C1 /* Main.storyboard in Resources */,
			);
			runOnlyForDeploymentPostprocessing = 0;
		};
		6DFE02B0212A619100AE97C1 /* Resources */ = {
			isa = PBXResourcesBuildPhase;
			buildActionMask = 2147483647;
			files = (
			);
			runOnlyForDeploymentPostprocessing = 0;
		};
/* End PBXResourcesBuildPhase section */

/* Begin PBXSourcesBuildPhase section */
		6DFE029A212A619100AE97C1 /* Sources */ = {
			isa = PBXSourcesBuildPhase;
			buildActionMask = 2147483647;
			files = (
				6DFE02A4212A619100AE97C1 /* ViewController.swift in Sources */,
				6DFE02C2212B83E500AE97C1 /* MyTableViewController.swift in Sources */,
				6DFE02A2212A619100AE97C1 /* AppDelegate.swift in Sources */,
			);
			runOnlyForDeploymentPostprocessing = 0;
		};
		6DFE02AE212A619100AE97C1 /* Sources */ = {
			isa = PBXSourcesBuildPhase;
			buildActionMask = 2147483647;
			files = (
				6DFE02B7212A619100AE97C1 /* TPUnidad05Tests.swift in Sources */,
			);
			runOnlyForDeploymentPostprocessing = 0;
		};
/* End PBXSourcesBuildPhase section */

/* Begin PBXTargetDependency section */
		6DFE02B4212A619100AE97C1 /* PBXTargetDependency */ = {
			isa = PBXTargetDependency;
			target = 6DFE029D212A619100AE97C1 /* TPUnidad05 */;
			targetProxy = 6DFE02B3212A619100AE97C1 /* PBXContainerItemProxy */;
		};
/* End PBXTargetDependency section */

/* Begin PBXVariantGroup section */
		6DFE02A5212A619100AE97C1 /* Main.storyboard */ = {
			isa = PBXVariantGroup;
			children = (
				6DFE02A6212A619100AE97C1 /* Base */,
			);
			name = Main.storyboard;
			sourceTree = "<group>";
		};
		6DFE02AA212A619100AE97C1 /* LaunchScreen.storyboard */ = {
			isa = PBXVariantGroup;
			children = (
				6DFE02AB212A619100AE97C1 /* Base */,
			);
			name = LaunchScreen.storyboard;
			sourceTree = "<group>";
		};
/* End PBXVariantGroup section */

/* Begin XCBuildConfiguration section */
		6DFE02B9212A619100AE97C1 /* Debug */ = {
			isa = XCBuildConfiguration;
			buildSettings = {
				ALWAYS_SEARCH_USER_PATHS = NO;
				CLANG_ANALYZER_NONNULL = YES;
				CLANG_ANALYZER_NUMBER_OBJECT_CONVERSION = YES_AGGRESSIVE;
				CLANG_CXX_LANGUAGE_STANDARD = "gnu++14";
				CLANG_CXX_LIBRARY = "libc++";
				CLANG_ENABLE_MODULES = YES;
				CLANG_ENABLE_OBJC_ARC = YES;
				CLANG_ENABLE_OBJC_WEAK = YES;
				CLANG_WARN_BLOCK_CAPTURE_AUTORELEASING = YES;
				CLANG_WARN_BOOL_CONVERSION = YES;
				CLANG_WARN_COMMA = YES;
				CLANG_WARN_CONSTANT_CONVERSION = YES;
				CLANG_WARN_DEPRECATED_OBJC_IMPLEMENTATIONS = YES;
				CLANG_WARN_DIRECT_OBJC_ISA_USAGE = YES_ERROR;
				CLANG_WARN_DOCUMENTATION_COMMENTS = YES;
				CLANG_WARN_EMPTY_BODY = YES;
				CLANG_WARN_ENUM_CONVERSION = YES;
				CLANG_WARN_INFINITE_RECURSION = YES;
				CLANG_WARN_INT_CONVERSION = YES;
				CLANG_WARN_NON_LITERAL_NULL_CONVERSION = YES;
				CLANG_WARN_OBJC_IMPLICIT_RETAIN_SELF = YES;
				CLANG_WARN_OBJC_LITERAL_CONVERSION = YES;
				CLANG_WARN_OBJC_ROOT_CLASS = YES_ERROR;
				CLANG_WARN_RANGE_LOOP_ANALYSIS = YES;
				CLANG_WARN_STRICT_PROTOTYPES = YES;
				CLANG_WARN_SUSPICIOUS_MOVE = YES;
				CLANG_WARN_UNGUARDED_AVAILABILITY = YES_AGGRESSIVE;
				CLANG_WARN_UNREACHABLE_CODE = YES;
				CLANG_WARN__DUPLICATE_METHOD_MATCH = YES;
				CODE_SIGN_IDENTITY = "iPhone Developer";
				COPY_PHASE_STRIP = NO;
				DEBUG_INFORMATION_FORMAT = dwarf;
				ENABLE_STRICT_OBJC_MSGSEND = YES;
				ENABLE_TESTABILITY = YES;
				GCC_C_LANGUAGE_STANDARD = gnu11;
				GCC_DYNAMIC_NO_PIC = NO;
				GCC_NO_COMMON_BLOCKS = YES;
				GCC_OPTIMIZATION_LEVEL = 0;
				GCC_PREPROCESSOR_DEFINITIONS = (
					"DEBUG=1",
					"$(inherited)",
				);
				GCC_WARN_64_TO_32_BIT_CONVERSION = YES;
				GCC_WARN_ABOUT_RETURN_TYPE = YES_ERROR;
				GCC_WARN_UNDECLARED_SELECTOR = YES;
				GCC_WARN_UNINITIALIZED_AUTOS = YES_AGGRESSIVE;
				GCC_WARN_UNUSED_FUNCTION = YES;
				GCC_WARN_UNUSED_VARIABLE = YES;
				IPHONEOS_DEPLOYMENT_TARGET = 11.4;
				MTL_ENABLE_DEBUG_INFO = YES;
				ONLY_ACTIVE_ARCH = YES;
				SDKROOT = iphoneos;
				SWIFT_ACTIVE_COMPILATION_CONDITIONS = DEBUG;
				SWIFT_OPTIMIZATION_LEVEL = "-Onone";
			};
			name = Debug;
		};
		6DFE02BA212A619100AE97C1 /* Release */ = {
			isa = XCBuildConfiguration;
			buildSettings = {
				ALWAYS_SEARCH_USER_PATHS = NO;
				CLANG_ANALYZER_NONNULL = YES;
				CLANG_ANALYZER_NUMBER_OBJECT_CONVERSION = YES_AGGRESSIVE;
				CLANG_CXX_LANGUAGE_STANDARD = "gnu++14";
				CLANG_CXX_LIBRARY = "libc++";
				CLANG_ENABLE_MODULES = YES;
				CLANG_ENABLE_OBJC_ARC = YES;
				CLANG_ENABLE_OBJC_WEAK = YES;
				CLANG_WARN_BLOCK_CAPTURE_AUTORELEASING = YES;
				CLANG_WARN_BOOL_CONVERSION = YES;
				CLANG_WARN_COMMA = YES;
				CLANG_WARN_CONSTANT_CONVERSION = YES;
				CLANG_WARN_DEPRECATED_OBJC_IMPLEMENTATIONS = YES;
				CLANG_WARN_DIRECT_OBJC_ISA_USAGE = YES_ERROR;
				CLANG_WARN_DOCUMENTATION_COMMENTS = YES;
				CLANG_WARN_EMPTY_BODY = YES;
				CLANG_WARN_ENUM_CONVERSION = YES;
				CLANG_WARN_INFINITE_RECURSION = YES;
				CLANG_WARN_INT_CONVERSION = YES;
				CLANG_WARN_NON_LITERAL_NULL_CONVERSION = YES;
				CLANG_WARN_OBJC_IMPLICIT_RETAIN_SELF = YES;
				CLANG_WARN_OBJC_LITERAL_CONVERSION = YES;
				CLANG_WARN_OBJC_ROOT_CLASS = YES_ERROR;
				CLANG_WARN_RANGE_LOOP_ANALYSIS = YES;
				CLANG_WARN_STRICT_PROTOTYPES = YES;
				CLANG_WARN_SUSPICIOUS_MOVE = YES;
				CLANG_WARN_UNGUARDED_AVAILABILITY = YES_AGGRESSIVE;
				CLANG_WARN_UNREACHABLE_CODE = YES;
				CLANG_WARN__DUPLICATE_METHOD_MATCH = YES;
				CODE_SIGN_IDENTITY = "iPhone Developer";
				COPY_PHASE_STRIP = NO;
				DEBUG_INFORMATION_FORMAT = "dwarf-with-dsym";
				ENABLE_NS_ASSERTIONS = NO;
				ENABLE_STRICT_OBJC_MSGSEND = YES;
				GCC_C_LANGUAGE_STANDARD = gnu11;
				GCC_NO_COMMON_BLOCKS = YES;
				GCC_WARN_64_TO_32_BIT_CONVERSION = YES;
				GCC_WARN_ABOUT_RETURN_TYPE = YES_ERROR;
				GCC_WARN_UNDECLARED_SELECTOR = YES;
				GCC_WARN_UNINITIALIZED_AUTOS = YES_AGGRESSIVE;
				GCC_WARN_UNUSED_FUNCTION = YES;
				GCC_WARN_UNUSED_VARIABLE = YES;
				IPHONEOS_DEPLOYMENT_TARGET = 11.4;
				MTL_ENABLE_DEBUG_INFO = NO;
				SDKROOT = iphoneos;
				SWIFT_COMPILATION_MODE = wholemodule;
				SWIFT_OPTIMIZATION_LEVEL = "-O";
				VALIDATE_PRODUCT = YES;
			};
			name = Release;
		};
		6DFE02BC212A619100AE97C1 /* Debug */ = {
			isa = XCBuildConfiguration;
			buildSettings = {
				ASSETCATALOG_COMPILER_APPICON_NAME = AppIcon;
				CODE_SIGN_STYLE = Automatic;
				INFOPLIST_FILE = TPUnidad05/Info.plist;
				LD_RUNPATH_SEARCH_PATHS = (
					"$(inherited)",
					"@executable_path/Frameworks",
				);
				PRODUCT_BUNDLE_IDENTIFIER = com.example.TPUnidad05;
				PRODUCT_NAME = "$(TARGET_NAME)";
				SWIFT_VERSION = 4.0;
				TARGETED_DEVICE_FAMILY = "1,2";
			};
			name = Debug;
		};
		6DFE02BD212A619100AE97C1 /* Release */ = {
			isa = XCBuildConfiguration;
			buildSettings = {
				ASSETCATALOG_COMPILER_APPICON_NAME = AppIcon;
				CODE_SIGN_STYLE = Automatic;
				INFOPLIST_FILE = TPUnidad05/Info.plist;
				LD_RUNPATH_SEARCH_PATHS = (
					"$(inherited)",
					"@executable_path/Frameworks",
				);
				PRODUCT_BUNDLE_IDENTIFIER = com.example.TPUnidad05;
				PRODUCT_NAME = "$(TARGET_NAME)";
				SWIFT_VERSION = 4.0;
				TARGETED_DEVICE_FAMILY = "1,2";
			};
			name = Release;
		};
		6DFE02BF212A619100AE97C1 /* Debug */ = {
			isa = XCBuildConfiguration;
			buildSettings = {
				ALWAYS_EMBED_SWIFT_STANDARD_LIBRARIES = YES;
				BUNDLE_LOADER = "$(TEST_HOST)";
				CODE_SIGN_STYLE = Automatic;
				INFOPLIST_FILE = TPUnidad05Tests/Info.plist;
				LD_RUNPATH_SEARCH_PATHS = (
					"$(inherited)",
					"@executable_path/Frameworks",
					"@loader_path/Frameworks",
				);
				PRODUCT_BUNDLE_IDENTIFIER = com.example.TPUnidad05Tests;
				PRODUCT_NAME = "$(TARGET_NAME)";
				SWIFT_VERSION = 4.0;
				TARGETED_DEVICE_FAMILY = "1,2";
				TEST_HOST = "$(BUILT_PRODUCTS_DIR)/TPUnidad05.app/TPUnidad05";
			};
			name = Debug;
		};
		6DFE02C0212A619100AE97C1 /* Release */ = {
			isa = XCBuildConfiguration;
			buildSettings = {
				ALWAYS_EMBED_SWIFT_STANDARD_LIBRARIES = YES;
				BUNDLE_LOADER = "$(TEST_HOST)";
				CODE_SIGN_STYLE = Automatic;
				INFOPLIST_FILE = TPUnidad05Tests/Info.plist;
				LD_RUNPATH_SEARCH_PATHS = (
					"$(inherited)",
					"@executable_path/Frameworks",
					"@loader_path/Frameworks",
				);
				PRODUCT_BUNDLE_IDENTIFIER = com.example.TPUnidad05Tests;
				PRODUCT_NAME = "$(TARGET_NAME)";
				SWIFT_VERSION = 4.0;
				TARGETED_DEVICE_FAMILY = "1,2";
				TEST_HOST = "$(BUILT_PRODUCTS_DIR)/TPUnidad05.app/TPUnidad05";
			};
			name = Release;
		};
/* End XCBuildConfiguration section */

/* Begin XCConfigurationList section */
		6DFE0299212A619100AE97C1 /* Build configuration list for PBXProject "TPUnidad05" */ = {
			isa = XCConfigurationList;
			buildConfigurations = (
				6DFE02B9212A619100AE97C1 /* Debug */,
				6DFE02BA212A619100AE97C1 /* Release */,
			);
			defaultConfigurationIsVisible = 0;
			defaultConfigurationName = Release;
		};
		6DFE02BB212A619100AE97C1 /* Build configuration list for PBXNativeTarget "TPUnidad05" */ = {
			isa = XCConfigurationList;
			buildConfigurations = (
				6DFE02BC212A619100AE97C1 /* Debug */,
				6DFE02BD212A619100AE97C1 /* Release */,
			);
			defaultConfigurationIsVisible = 0;
			defaultConfigurationName = Release;
		};
		6DFE02BE212A619100AE97C1 /* Build configuration list for PBXNativeTarget "TPUnidad05Tests" */ = {
			isa = XCConfigurationList;
			buildConfigurations = (
				6DFE02BF212A619100AE97C1 /* Debug */,
				6DFE02C0212A619100AE97C1 /* Release */,
			);
			defaultConfigurationIsVisible = 0;
			defaultConfigurationName = Release;
		};
/* End XCConfigurationList section */
	};
	rootObject = 6DFE0296212A619100AE97C1 /* Project object */;
}
